
Microsoft Visual Studio Solution File, Format Version 10.00
# Visual Studio 2008
Project("{6989167D-11E4-40FE-8C1A-2192A86A7E90}") = "MUtilsLib_IVF", "MUtilsLib_IVF.vfproj", "{56CDCF8C-E9FD-4E5A-A850-1F758FADFD55}"
EndProject
Global
	GlobalSection(SolutionConfigurationPlatforms) = preSolution
		Debug|Win32 = Debug|Win32
		Release|Win32 = Release|Win32
	EndGlobalSection
	GlobalSection(ProjectConfigurationPlatforms) = postSolution
		{56CDCF8C-E9FD-4E5A-A850-1F758FADFD55}.Debug|Win32.ActiveCfg = Debug|Win32
		{56CDCF8C-E9FD-4E5A-A850-1F758FADFD55}.Debug|Win32.Build.0 = Debug|Win32
		{56CDCF8C-E9FD-4E5A-A850-1F758FADFD55}.Release|Win32.ActiveCfg = Release|Win32
		{56CDCF8C-E9FD-4E5A-A850-1F758FADFD55}.Release|Win32.Build.0 = Release|Win32
	EndGlobalSection
	GlobalSection(SolutionProperties) = preSolution
		HideSolutionNode = FALSE
	EndGlobalSection
EndGlobal
